# This file is autogenerated, do not edit; changes may be undone by the next 'dep ensure'.


[[projects]]
  branch = "develop"
  name = "github.com/bwmarrin/discordgo"
  packages = ["."]
  revision = "1b5dbef04ede707a410eb19a6e5683d5bdaaa538"

[[projects]]
  name = "github.com/dgrijalva/jwt-go"
  packages = ["."]
  revision = "d2709f9f1f31ebcda9651b03077758c1f3a0018c"
  version = "v3.0.0"

[[projects]]
  name = "github.com/go-steem/rpc"
  packages = [".","apis/database","apis/follow","apis/login","apis/networkbroadcast","encoding/transaction","interfaces","internal/call","internal/rpc","transports/websocket","types"]
  revision = "79c51815a49384da1e6f5d9e557048f156e2f088"
  version = "v0.8.0"

[[projects]]
  branch = "master"
  name = "github.com/go-steem/rpc-codec"
  packages = ["jsonrpc2"]
  revision = "30a413fc99f7fa9047311d76197fd267a4bb9c79"

[[projects]]
  name = "github.com/go-telegram-bot-api/telegram-bot-api"
  packages = ["."]
  revision = "0a57807db79efce7f6719fbb2c0e0f83fda79aec"
  version = "v4.6"

[[projects]]
  branch = "master"
  name = "github.com/golang/protobuf"
  packages = ["proto"]
  revision = "ab9f9a6dab164b7d1246e0e688b0ab7b94d8553e"

[[projects]]
  branch = "master"
  name = "github.com/google/go-github"
  packages = ["github"]
  revision = "0af232a73d5e33ea92bd7f6d3efab510c4780856"

[[projects]]
  branch = "master"
  name = "github.com/google/go-querystring"
  packages = ["query"]
  revision = "53e6ce116135b80d037921a7fdd5138cf32d7a8a"

[[projects]]
  name = "github.com/gorilla/context"
  packages = ["."]
  revision = "1ea25387ff6f684839d82767c1733ff4d4d15d0a"
  version = "v1.1"

[[projects]]
  branch = "master"
  name = "github.com/gorilla/securecookie"
  packages = ["."]
  revision = "ff356348f74133a59d3e93aa24b5b4551b6fe90d"

[[projects]]
  name = "github.com/gorilla/sessions"
  packages = ["."]
  revision = "ca9ada44574153444b00d3fd9c8559e4cc95f896"
  version = "v1.1"

[[projects]]
  name = "github.com/gorilla/websocket"
  packages = ["."]
  revision = "ea4d1f681babbce9545c9c5f3d5194a789c89f5b"
  version = "v1.2.0"

[[projects]]
  branch = "master"
  name = "github.com/hashicorp/golang-lru"
  packages = [".","simplelru"]
  revision = "0a025b7e63adc15a622f29b0b2c4c3848243bbf6"

[[projects]]
  branch = "master"
  name = "github.com/kelseyhightower/envconfig"
  packages = ["."]
  revision = "91921eb4cf999321cdbeebdba5a03555800d493b"

[[projects]]
  branch = "master"
  name = "github.com/klauspost/compress"
  packages = ["flate","gzip","zlib"]
  revision = "14eb9c4951195779ecfbec34431a976de7335b0a"

[[projects]]
  branch = "master"
  name = "github.com/klauspost/cpuid"
  packages = ["."]
  revision = "09cded8978dc9e80714c4d85b0322337b0a1e5e0"

[[projects]]
  branch = "master"
  name = "github.com/klauspost/crc32"
  packages = ["."]
  revision = "19b0b332c9e4516a6370a0456e6182c3b5036720"

[[projects]]
  branch = "master"
  name = "github.com/kr/pretty"
  packages = ["."]
  revision = "cfb55aafdaf3ec08f0db22699ab822c50091b1c4"

[[projects]]
  branch = "master"
  name = "github.com/kr/text"
  packages = ["."]
  revision = "7cafcd837844e784b526369c9bce262804aebc60"

[[projects]]
  branch = "master"
  name = "github.com/labstack/echo"
  packages = [".","middleware"]
  revision = "1678da53d65d33464d578ace3d2854b30dfd8e4f"

[[projects]]
  branch = "master"
  name = "github.com/labstack/echo-contrib"
  packages = ["session"]
  revision = "c43bc4a1577d32bc1c485cb435aedf3e19d1bf14"

[[projects]]
  name = "github.com/labstack/gommon"
  packages = ["bytes","color","log","random"]
  revision = "779b8a8b9850a97acba6a3fe20feb628c39e17c1"
  version = "0.2.2"

[[projects]]
  branch = "master"
  name = "github.com/mattn/go-colorable"
  packages = ["."]
  revision = "9056b7a9f2d1f2d96498d6d146acd1f9d5ed3d59"

[[projects]]
  branch = "master"
  name = "github.com/mattn/go-isatty"
  packages = ["."]
  revision = "56b76bdf51f7708750eac80fa38b952bb9f32639"

[[projects]]
  branch = "master"
  name = "github.com/pkg/errors"
  packages = ["."]
  revision = "17b591df37844cde689f4d5813e5cea0927d8dd2"

[[projects]]
  branch = "master"
  name = "github.com/steemwatch/blockfetcher"
  packages = ["."]
  revision = "a0d878d054d52a1b763fa0ae61c2d854099b71c2"

[[projects]]
  name = "github.com/technoweenie/multipartstreamer"
  packages = ["."]
  revision = "a90a01d73ae432e2611d178c18367fbaa13e0154"
  version = "v1.0.1"

[[projects]]
  branch = "master"
  name = "github.com/valyala/fasthttp"
  packages = [".","fasthttputil"]
  revision = "8db7d05839b5f4d21d5da1fcb3897d294ff6fd9f"

[[projects]]
  branch = "master"
  name = "github.com/valyala/fasttemplate"
  packages = ["."]
  revision = "3b874956e03f1636d171bda64b130f9135f42cff"

[[projects]]
  branch = "master"
  name = "golang.org/x/crypto"
  packages = ["acme","acme/autocert","nacl/secretbox","poly1305","salsa20/salsa"]
  revision = "81e90905daefcd6fd217b62423c0908922eadb30"

[[projects]]
  branch = "master"
  name = "golang.org/x/net"
  packages = ["context","context/ctxhttp","websocket"]
  revision = "f841c39de738b1d0df95b5a7187744f0e03d8112"

[[projects]]
  branch = "master"
  name = "golang.org/x/oauth2"
  packages = [".","facebook","github","google","internal","jws","jwt"]
  revision = "65a8d08c6292395d47053be10b3c5e91960def76"

[[projects]]
  branch = "master"
  name = "golang.org/x/sys"
  packages = ["unix"]
  revision = "bb24a47a89eac6c1227fbcb2ae37a8b9ed323366"

[[projects]]
  branch = "master"
  name = "google.golang.org/api"
  packages = ["gensupport","googleapi","googleapi/internal/uritemplates","plus/v1"]
  revision = "63ade871fd3aec1225809d496e81ec91ab76ea29"

[[projects]]
  name = "google.golang.org/appengine"
  packages = [".","internal","internal/app_identity","internal/base","internal/datastore","internal/log","internal/modules","internal/remote_api","internal/urlfetch","urlfetch"]
  revision = "150dc57a1b433e64154302bdc40b6bb8aefa313a"
  version = "v1.0.0"

[[projects]]
  name = "google.golang.org/cloud"
  packages = ["compute/metadata"]
  revision = "0f0b8420cb699ac4ce059c63bac263f4301fe95b"
  version = "v0.12.0"

[[projects]]
  branch = "v2"
  name = "gopkg.in/mgo.v2"
  packages = [".","bson","internal/sasl","internal/scram"]
  revision = "29cc868a5ca65f401ff318143f9408d02f4799cc"

[[projects]]
  branch = "v2"
  name = "gopkg.in/tomb.v2"
  packages = ["."]
  revision = "14b3d72120e8d10ea6e6b7f87f7175734b1faab8"

[solve-meta]
  analyzer-name = "dep"
  analyzer-version = 1
  inputs-digest = "e64d5b4462b9763866801e8a9e90392eac43b62edfa9848981d5dbd1ed5d5dbf"
  solver-name = "gps-cdcl"
  solver-version = 1
